
Microsoft Visual Studio Solution File, Format Version 12.00
# Visual Studio Version 17
VisualStudioVersion = 17.4.33213.308
MinimumVisualStudioVersion = 10.0.40219.1
Project("{FAE04EC0-301F-11D3-BF4B-00C04F79EFBC}") = "Runaway", "Runaway\Runaway.csproj", "{D76DF0FE-E148-49C7-8655-9A450356942E}"
EndProject
Project("{FAE04EC0-301F-11D3-BF4B-00C04F79EFBC}") = "RunawayUnitTest", "RunawayUnitTest\RunawayUnitTest.csproj", "{212318E8-BF50-482D-8C29-1B002B70C012}"
EndProject
Global
	GlobalSection(SolutionConfigurationPlatforms) = preSolution
		Debug|Any CPU = Debug|Any CPU
		Release|Any CPU = Release|Any CPU
	EndGlobalSection
	GlobalSection(ProjectConfigurationPlatforms) = postSolution
		{D76DF0FE-E148-49C7-8655-9A450356942E}.Debug|Any CPU.ActiveCfg = Debug|Any CPU
		{D76DF0FE-E148-49C7-8655-9A450356942E}.Debug|Any CPU.Build.0 = Debug|Any CPU
		{D76DF0FE-E148-49C7-8655-9A450356942E}.Release|Any CPU.ActiveCfg = Release|Any CPU
		{D76DF0FE-E148-49C7-8655-9A450356942E}.Release|Any CPU.Build.0 = Release|Any CPU
		{212318E8-BF50-482D-8C29-1B002B70C012}.Debug|Any CPU.ActiveCfg = Debug|Any CPU
		{212318E8-BF50-482D-8C29-1B002B70C012}.Debug|Any CPU.Build.0 = Debug|Any CPU
		{212318E8-BF50-482D-8C29-1B002B70C012}.Release|Any CPU.ActiveCfg = Release|Any CPU
		{212318E8-BF50-482D-8C29-1B002B70C012}.Release|Any CPU.Build.0 = Release|Any CPU
	EndGlobalSection
	GlobalSection(SolutionProperties) = preSolution
		HideSolutionNode = FALSE
	EndGlobalSection
	GlobalSection(ExtensibilityGlobals) = postSolution
		SolutionGuid = {7B2B96EF-C07F-457E-81F6-00FDC5F8DD5A}
	EndGlobalSection
EndGlobal
